
Microsoft Visual Studio Solution File, Format Version 12.00
# Visual Studio 14
VisualStudioVersion = 14.0.25420.1
MinimumVisualStudioVersion = 10.0.40219.1
Project("{FAE04EC0-301F-11D3-BF4B-00C04F79EFBC}") = "Crypto", "Crypto.csproj", "{997D518E-D658-412A-B9DC-1F81ECA6010B}"
EndProject
Global
	GlobalSection(SolutionConfigurationPlatforms) = preSolution
		Debug|Any CPU = Debug|Any CPU
		DebugObfuscate|Any CPU = DebugObfuscate|Any CPU
		Release|Any CPU = Release|Any CPU
		ReleaseObfuscate|Any CPU = ReleaseObfuscate|Any CPU
	EndGlobalSection
	GlobalSection(ProjectConfigurationPlatforms) = postSolution
		{997D518E-D658-412A-B9DC-1F81ECA6010B}.Debug|Any CPU.ActiveCfg = Debug|Any CPU
		{997D518E-D658-412A-B9DC-1F81ECA6010B}.Debug|Any CPU.Build.0 = Debug|Any CPU
		{997D518E-D658-412A-B9DC-1F81ECA6010B}.DebugObfuscate|Any CPU.ActiveCfg = DebugObfuscate|Any CPU
		{997D518E-D658-412A-B9DC-1F81ECA6010B}.DebugObfuscate|Any CPU.Build.0 = DebugObfuscate|Any CPU
		{997D518E-D658-412A-B9DC-1F81ECA6010B}.Release|Any CPU.ActiveCfg = Release|Any CPU
		{997D518E-D658-412A-B9DC-1F81ECA6010B}.Release|Any CPU.Build.0 = Release|Any CPU
		{997D518E-D658-412A-B9DC-1F81ECA6010B}.ReleaseObfuscate|Any CPU.ActiveCfg = ReleaseObfuscate|Any CPU
		{997D518E-D658-412A-B9DC-1F81ECA6010B}.ReleaseObfuscate|Any CPU.Build.0 = ReleaseObfuscate|Any CPU
	EndGlobalSection
	GlobalSection(SolutionProperties) = preSolution
		HideSolutionNode = FALSE
	EndGlobalSection
EndGlobal
